{
  "name": "biliibli_anime_space",
  "version": "1.0.0",
  "lockfileVersion": 2,
  "requires": true,
  "packages": {
    "": {
      "name": "biliibli_anime_space",
      "version": "1.0.0",
      "license": "MIT",
      "dependencies": {
        "ajax-hook": "^2.0.3",
        "jquery": "^3.6.0"
      }
    },
    "node_modules/ajax-hook": {
      "version": "2.0.3",
      "resolved": "https://registry.npm.taobao.org/ajax-hook/download/ajax-hook-2.0.3.tgz",
      "integrity": "sha1-6c7O0C+UD2IjEjx9yQ/iBi1BfBg="
    },
    "node_modules/jquery": {
      "version": "3.6.0",
      "resolved": "https://registry.nlark.com/jquery/download/jquery-3.6.0.tgz",
      "integrity": "sha1-xyoJ8Vwb3OFC9J2/EXC9+K2sJHA="
    }
  },
  "dependencies": {
    "ajax-hook": {
      "version": "2.0.3",
      "resolved": "https://registry.npm.taobao.org/ajax-hook/download/ajax-hook-2.0.3.tgz",
      "integrity": "sha1-6c7O0C+UD2IjEjx9yQ/iBi1BfBg="
    },
    "jquery": {
      "version": "3.6.0",
      "resolved": "https://registry.nlark.com/jquery/download/jquery-3.6.0.tgz",
      "integrity": "sha1-xyoJ8Vwb3OFC9J2/EXC9+K2sJHA="
    }
  }
}
